
Microsoft Visual Studio Solution File, Format Version 12.00
# Visual Studio Version 16
VisualStudioVersion = 16.0.30002.166
MinimumVisualStudioVersion = 10.0.40219.1
Project("{FAE04EC0-301F-11D3-BF4B-00C04F79EFBC}") = "BTC_Swingtrade_Simulator", "BTC_Swingtrade_Simulator.csproj", "{DEB793E2-2BD3-4EAF-965D-9A61ED199E33}"
EndProject
Global
	GlobalSection(SolutionConfigurationPlatforms) = preSolution
		Debug|Any CPU = Debug|Any CPU
		Release|Any CPU = Release|Any CPU
	EndGlobalSection
	GlobalSection(ProjectConfigurationPlatforms) = postSolution
		{DEB793E2-2BD3-4EAF-965D-9A61ED199E33}.Debug|Any CPU.ActiveCfg = Debug|Any CPU
		{DEB793E2-2BD3-4EAF-965D-9A61ED199E33}.Debug|Any CPU.Build.0 = Debug|Any CPU
		{DEB793E2-2BD3-4EAF-965D-9A61ED199E33}.Release|Any CPU.ActiveCfg = Release|Any CPU
		{DEB793E2-2BD3-4EAF-965D-9A61ED199E33}.Release|Any CPU.Build.0 = Release|Any CPU
	EndGlobalSection
	GlobalSection(SolutionProperties) = preSolution
		HideSolutionNode = FALSE
	EndGlobalSection
	GlobalSection(ExtensibilityGlobals) = postSolution
		SolutionGuid = {90848BC7-5752-4775-A7AA-2B43237E91F3}
	EndGlobalSection
EndGlobal
